
Microsoft Visual Studio Solution File, Format Version 12.00
# Visual Studio Version 16
VisualStudioVersion = 16.0.31410.357
MinimumVisualStudioVersion = 10.0.40219.1
Project("{FAE04EC0-301F-11D3-BF4B-00C04F79EFBC}") = "NJ05-Tree", "NJ05-Tree\NJ05-Tree.csproj", "{07497FC7-6694-4F99-9FC2-E61CE8A854E2}"
EndProject
Project("{FAE04EC0-301F-11D3-BF4B-00C04F79EFBC}") = "TestProject1", "TestProject1\TestProject1.csproj", "{EB45B762-0ACD-46CF-BE3C-34D8B6124453}"
EndProject
Global
	GlobalSection(SolutionConfigurationPlatforms) = preSolution
		Debug|Any CPU = Debug|Any CPU
		Release|Any CPU = Release|Any CPU
	EndGlobalSection
	GlobalSection(ProjectConfigurationPlatforms) = postSolution
		{07497FC7-6694-4F99-9FC2-E61CE8A854E2}.Debug|Any CPU.ActiveCfg = Debug|Any CPU
		{07497FC7-6694-4F99-9FC2-E61CE8A854E2}.Debug|Any CPU.Build.0 = Debug|Any CPU
		{07497FC7-6694-4F99-9FC2-E61CE8A854E2}.Release|Any CPU.ActiveCfg = Release|Any CPU
		{07497FC7-6694-4F99-9FC2-E61CE8A854E2}.Release|Any CPU.Build.0 = Release|Any CPU
		{EB45B762-0ACD-46CF-BE3C-34D8B6124453}.Debug|Any CPU.ActiveCfg = Debug|Any CPU
		{EB45B762-0ACD-46CF-BE3C-34D8B6124453}.Debug|Any CPU.Build.0 = Debug|Any CPU
		{EB45B762-0ACD-46CF-BE3C-34D8B6124453}.Release|Any CPU.ActiveCfg = Release|Any CPU
		{EB45B762-0ACD-46CF-BE3C-34D8B6124453}.Release|Any CPU.Build.0 = Release|Any CPU
	EndGlobalSection
	GlobalSection(SolutionProperties) = preSolution
		HideSolutionNode = FALSE
	EndGlobalSection
	GlobalSection(ExtensibilityGlobals) = postSolution
		SolutionGuid = {E933BF8C-A6BA-4AEC-9D83-9C314516E77E}
	EndGlobalSection
EndGlobal
